
Microsoft Visual Studio Solution File, Format Version 12.00
# Visual Studio Version 16
VisualStudioVersion = 25.0.1703.0
MinimumVisualStudioVersion = 10.0.40219.1
Project("{FAE04EC0-301F-11D3-BF4B-00C04F79EFBC}") = "MoviesApi", "MoviesApi.csproj", "{A6CA9C65-217A-4CF5-9CB4-47E8033CEA96}"
EndProject
Project("{FAE04EC0-301F-11D3-BF4B-00C04F79EFBC}") = "MoviesApi.UnitTests", "..\MoviesApi.UnitTests\MoviesApi.UnitTests.csproj", "{5F77D613-90DF-4FA1-8B1F-3FB7CCD4CED3}"
EndProject
Global
	GlobalSection(SolutionConfigurationPlatforms) = preSolution
		Debug|Any CPU = Debug|Any CPU
		Release|Any CPU = Release|Any CPU
	EndGlobalSection
	GlobalSection(ProjectConfigurationPlatforms) = postSolution
		{A6CA9C65-217A-4CF5-9CB4-47E8033CEA96}.Debug|Any CPU.ActiveCfg = Debug|Any CPU
		{A6CA9C65-217A-4CF5-9CB4-47E8033CEA96}.Debug|Any CPU.Build.0 = Debug|Any CPU
		{A6CA9C65-217A-4CF5-9CB4-47E8033CEA96}.Release|Any CPU.ActiveCfg = Release|Any CPU
		{A6CA9C65-217A-4CF5-9CB4-47E8033CEA96}.Release|Any CPU.Build.0 = Release|Any CPU
		{5F77D613-90DF-4FA1-8B1F-3FB7CCD4CED3}.Debug|Any CPU.ActiveCfg = Debug|Any CPU
		{5F77D613-90DF-4FA1-8B1F-3FB7CCD4CED3}.Debug|Any CPU.Build.0 = Debug|Any CPU
		{5F77D613-90DF-4FA1-8B1F-3FB7CCD4CED3}.Release|Any CPU.ActiveCfg = Release|Any CPU
		{5F77D613-90DF-4FA1-8B1F-3FB7CCD4CED3}.Release|Any CPU.Build.0 = Release|Any CPU
	EndGlobalSection
	GlobalSection(SolutionProperties) = preSolution
		HideSolutionNode = FALSE
	EndGlobalSection
	GlobalSection(ExtensibilityGlobals) = postSolution
		SolutionGuid = {7C3266E6-7A82-4C41-89C3-4A12AA24E0FA}
	EndGlobalSection
EndGlobal
