
Microsoft Visual Studio Solution File, Format Version 12.00
# Visual Studio Version 16
VisualStudioVersion = 25.0.1703.0
MinimumVisualStudioVersion = 10.0.40219.1
Project("{FAE04EC0-301F-11D3-BF4B-00C04F79EFBC}") = "MoviesApi.HandlersExample", "MoviesApi.HandlersExample.csproj", "{45D97405-F703-41A8-8437-B5F03701B69F}"
EndProject
Global
	GlobalSection(SolutionConfigurationPlatforms) = preSolution
		Debug|Any CPU = Debug|Any CPU
		Release|Any CPU = Release|Any CPU
	EndGlobalSection
	GlobalSection(ProjectConfigurationPlatforms) = postSolution
		{45D97405-F703-41A8-8437-B5F03701B69F}.Debug|Any CPU.ActiveCfg = Debug|Any CPU
		{45D97405-F703-41A8-8437-B5F03701B69F}.Debug|Any CPU.Build.0 = Debug|Any CPU
		{45D97405-F703-41A8-8437-B5F03701B69F}.Release|Any CPU.ActiveCfg = Release|Any CPU
		{45D97405-F703-41A8-8437-B5F03701B69F}.Release|Any CPU.Build.0 = Release|Any CPU
	EndGlobalSection
	GlobalSection(SolutionProperties) = preSolution
		HideSolutionNode = FALSE
	EndGlobalSection
	GlobalSection(ExtensibilityGlobals) = postSolution
		SolutionGuid = {4EE98DA1-2F92-46E1-8656-8F0579874FA3}
	EndGlobalSection
EndGlobal
